github.com/AliceDiNunno/KubernetesUtil v1.0.1 h1:2xAVdFb7Ql8N2/m8Ulhg09SIzZs1NhHcpvC7I1HU2d4=
github.com/AliceDiNunno/KubernetesUtil v1.0.1/go.mod h1:mbq0+jPu54HIUNh3Q4bUJFoZB+5EwXu/CXroJdqTCUY=
github.com/davecgh/go-spew v1.1.1 h1:vj9j/u1bqnvCEfJOwUhtlOARqs3+rkHYY13jYWTU97c=
github.com/davecgh/go-spew v1.1.1/go.mod h1:J7Y8YcW2NihsgmVo/mv3lAwl/skON4iLHjSsI+c5H38=
